
Microsoft Visual Studio Solution File, Format Version 12.00
# Visual Studio Version 17
VisualStudioVersion = 17.13.35818.85 d17.13
MinimumVisualStudioVersion = 10.0.40219.1
Project("{FAE04EC0-301F-11D3-BF4B-00C04F79EFBC}") = "RamettaZoo", "RamettaZoo\RamettaZoo.csproj", "{CC308DF4-112F-43E9-8492-E119CFA79723}"
EndProject
Global
	GlobalSection(SolutionConfigurationPlatforms) = preSolution
		Debug|Any CPU = Debug|Any CPU
		Release|Any CPU = Release|Any CPU
	EndGlobalSection
	GlobalSection(ProjectConfigurationPlatforms) = postSolution
		{CC308DF4-112F-43E9-8492-E119CFA79723}.Debug|Any CPU.ActiveCfg = Debug|Any CPU
		{CC308DF4-112F-43E9-8492-E119CFA79723}.Debug|Any CPU.Build.0 = Debug|Any CPU
		{CC308DF4-112F-43E9-8492-E119CFA79723}.Release|Any CPU.ActiveCfg = Release|Any CPU
		{CC308DF4-112F-43E9-8492-E119CFA79723}.Release|Any CPU.Build.0 = Release|Any CPU
	EndGlobalSection
	GlobalSection(SolutionProperties) = preSolution
		HideSolutionNode = FALSE
	EndGlobalSection
	GlobalSection(ExtensibilityGlobals) = postSolution
		SolutionGuid = {681FD2DD-960D-469D-9080-424778A02244}
	EndGlobalSection
EndGlobal
